{
  "nodes": {
    "flakelight": {
      "inputs": {
        "nixpkgs": "nixpkgs"
      },
      "locked": {
        "lastModified": 1750683087,
        "narHash": "sha256-CkmobghX9K9soC4DoorFo/vlWXxpf8xuZyoCsOnWzqM=",
        "owner": "nix-community",
        "repo": "flakelight",
        "rev": "aa93e0e1ecdccc70c7a185f60c562effbfe3c8d9",
        "type": "github"
      },
      "original": {
        "owner": "nix-community",
        "repo": "flakelight",
        "type": "github"
      }
    },
    "flakelight-haskell": {
      "inputs": {
        "flakelight": "flakelight"
      },
      "locked": {
        "lastModified": 1750989338,
        "narHash": "sha256-vLdikCPaxMNzrnHgNKlNx1FyCBJ6lWP4vPFEA6lOqBk=",
        "owner": "hezhenxing",
        "repo": "flakelight-haskell",
        "rev": "5ca54a638a835d930e206477c94ec58029673ed5",
        "type": "github"
      },
      "original": {
        "owner": "hezhenxing",
        "repo": "flakelight-haskell",
        "type": "github"
      }
    },
    "nixpkgs": {
      "locked": {
        "lastModified": 1750506804,
        "narHash": "sha256-VLFNc4egNjovYVxDGyBYTrvVCgDYgENp5bVi9fPTDYc=",
        "owner": "NixOS",
        "repo": "nixpkgs",
        "rev": "4206c4cb56751df534751b058295ea61357bbbaa",
        "type": "github"
      },
      "original": {
        "owner": "NixOS",
        "ref": "nixos-unstable",
        "repo": "nixpkgs",
        "type": "github"
      }
    },
    "root": {
      "inputs": {
        "flakelight-haskell": "flakelight-haskell"
      }
    }
  },
  "root": "root",
  "version": 7
}
